<?xml version="1.0" encoding="UTF-8"?>
<Project ToolsVersion="14.0" xmlns="http://schemas.microsoft.com/developer/msbuild/2003">
  <ItemGroup>
    <ClCompile Include="C:\Programowanie\react3d\reactphysics3d\testbed\nanogui\ext\nanovg\src\nanovg.c">
      <Filter>Source Files</Filter>
    </ClCompile>
    <ClCompile Include="C:\Programowanie\react3d\reactphysics3d\testbed\nanogui\ext\glew\src\glew.c">
      <Filter>Source Files</Filter>
    </ClCompile>
    <ClCompile Include="C:\Programowanie\biblioteki\react3d\testbed\nanogui\nanogui_resources.cpp">
      <Filter>Source Files</Filter>
    </ClCompile>
    <ClCompile Include="C:\Programowanie\react3d\reactphysics3d\testbed\nanogui\src\glutil.cpp">
      <Filter>Source Files</Filter>
    </ClCompile>
    <ClCompile Include="C:\Programowanie\react3d\reactphysics3d\testbed\nanogui\src\common.cpp">
      <Filter>Source Files</Filter>
    </ClCompile>
    <ClCompile Include="C:\Programowanie\react3d\reactphysics3d\testbed\nanogui\src\widget.cpp">
      <Filter>Source Files</Filter>
    </ClCompile>
    <ClCompile Include="C:\Programowanie\react3d\reactphysics3d\testbed\nanogui\src\theme.cpp">
      <Filter>Source Files</Filter>
    </ClCompile>
    <ClCompile Include="C:\Programowanie\react3d\reactphysics3d\testbed\nanogui\src\layout.cpp">
      <Filter>Source Files</Filter>
    </ClCompile>
    <ClCompile Include="C:\Programowanie\react3d\reactphysics3d\testbed\nanogui\src\screen.cpp">
      <Filter>Source Files</Filter>
    </ClCompile>
    <ClCompile Include="C:\Programowanie\react3d\reactphysics3d\testbed\nanogui\src\label.cpp">
      <Filter>Source Files</Filter>
    </ClCompile>
    <ClCompile Include="C:\Programowanie\react3d\reactphysics3d\testbed\nanogui\src\window.cpp">
      <Filter>Source Files</Filter>
    </ClCompile>
    <ClCompile Include="C:\Programowanie\react3d\reactphysics3d\testbed\nanogui\src\popup.cpp">
      <Filter>Source Files</Filter>
    </ClCompile>
    <ClCompile Include="C:\Programowanie\react3d\reactphysics3d\testbed\nanogui\src\checkbox.cpp">
      <Filter>Source Files</Filter>
    </ClCompile>
    <ClCompile Include="C:\Programowanie\react3d\reactphysics3d\testbed\nanogui\src\button.cpp">
      <Filter>Source Files</Filter>
    </ClCompile>
    <ClCompile Include="C:\Programowanie\react3d\reactphysics3d\testbed\nanogui\src\popupbutton.cpp">
      <Filter>Source Files</Filter>
    </ClCompile>
    <ClCompile Include="C:\Programowanie\react3d\reactphysics3d\testbed\nanogui\src\combobox.cpp">
      <Filter>Source Files</Filter>
    </ClCompile>
    <ClCompile Include="C:\Programowanie\react3d\reactphysics3d\testbed\nanogui\src\progressbar.cpp">
      <Filter>Source Files</Filter>
    </ClCompile>
    <ClCompile Include="C:\Programowanie\react3d\reactphysics3d\testbed\nanogui\src\slider.cpp">
      <Filter>Source Files</Filter>
    </ClCompile>
    <ClCompile Include="C:\Programowanie\react3d\reactphysics3d\testbed\nanogui\src\messagedialog.cpp">
      <Filter>Source Files</Filter>
    </ClCompile>
    <ClCompile Include="C:\Programowanie\react3d\reactphysics3d\testbed\nanogui\src\textbox.cpp">
      <Filter>Source Files</Filter>
    </ClCompile>
    <ClCompile Include="C:\Programowanie\react3d\reactphysics3d\testbed\nanogui\src\imagepanel.cpp">
      <Filter>Source Files</Filter>
    </ClCompile>
    <ClCompile Include="C:\Programowanie\react3d\reactphysics3d\testbed\nanogui\src\imageview.cpp">
      <Filter>Source Files</Filter>
    </ClCompile>
    <ClCompile Include="C:\Programowanie\react3d\reactphysics3d\testbed\nanogui\src\vscrollpanel.cpp">
      <Filter>Source Files</Filter>
    </ClCompile>
    <ClCompile Include="C:\Programowanie\react3d\reactphysics3d\testbed\nanogui\src\colorwheel.cpp">
      <Filter>Source Files</Filter>
    </ClCompile>
    <ClCompile Include="C:\Programowanie\react3d\reactphysics3d\testbed\nanogui\src\colorpicker.cpp">
      <Filter>Source Files</Filter>
    </ClCompile>
    <ClCompile Include="C:\Programowanie\react3d\reactphysics3d\testbed\nanogui\src\graph.cpp">
      <Filter>Source Files</Filter>
    </ClCompile>
    <ClCompile Include="C:\Programowanie\react3d\reactphysics3d\testbed\nanogui\src\serializer.cpp">
      <Filter>Source Files</Filter>
    </ClCompile>
  </ItemGroup>
  <ItemGroup>
    <ClInclude Include="C:\Programowanie\react3d\reactphysics3d\testbed\nanogui\include\nanogui\glutil.h">
      <Filter>Header Files</Filter>
    </ClInclude>
    <ClInclude Include="C:\Programowanie\react3d\reactphysics3d\testbed\nanogui\include\nanogui\common.h">
      <Filter>Header Files</Filter>
    </ClInclude>
    <ClInclude Include="C:\Programowanie\react3d\reactphysics3d\testbed\nanogui\include\nanogui\widget.h">
      <Filter>Header Files</Filter>
    </ClInclude>
    <ClInclude Include="C:\Programowanie\react3d\reactphysics3d\testbed\nanogui\include\nanogui\theme.h">
      <Filter>Header Files</Filter>
    </ClInclude>
    <ClInclude Include="C:\Programowanie\react3d\reactphysics3d\testbed\nanogui\include\nanogui\layout.h">
      <Filter>Header Files</Filter>
    </ClInclude>
    <ClInclude Include="C:\Programowanie\react3d\reactphysics3d\testbed\nanogui\include\nanogui\screen.h">
      <Filter>Header Files</Filter>
    </ClInclude>
    <ClInclude Include="C:\Programowanie\react3d\reactphysics3d\testbed\nanogui\include\nanogui\label.h">
      <Filter>Header Files</Filter>
    </ClInclude>
    <ClInclude Include="C:\Programowanie\react3d\reactphysics3d\testbed\nanogui\include\nanogui\window.h">
      <Filter>Header Files</Filter>
    </ClInclude>
    <ClInclude Include="C:\Programowanie\react3d\reactphysics3d\testbed\nanogui\include\nanogui\popup.h">
      <Filter>Header Files</Filter>
    </ClInclude>
    <ClInclude Include="C:\Programowanie\react3d\reactphysics3d\testbed\nanogui\include\nanogui\checkbox.h">
      <Filter>Header Files</Filter>
    </ClInclude>
    <ClInclude Include="C:\Programowanie\react3d\reactphysics3d\testbed\nanogui\include\nanogui\button.h">
      <Filter>Header Files</Filter>
    </ClInclude>
    <ClInclude Include="C:\Programowanie\react3d\reactphysics3d\testbed\nanogui\include\nanogui\popupbutton.h">
      <Filter>Header Files</Filter>
    </ClInclude>
    <ClInclude Include="C:\Programowanie\react3d\reactphysics3d\testbed\nanogui\include\nanogui\combobox.h">
      <Filter>Header Files</Filter>
    </ClInclude>
    <ClInclude Include="C:\Programowanie\react3d\reactphysics3d\testbed\nanogui\include\nanogui\progressbar.h">
      <Filter>Header Files</Filter>
    </ClInclude>
    <ClInclude Include="C:\Programowanie\react3d\reactphysics3d\testbed\nanogui\include\nanogui\slider.h">
      <Filter>Header Files</Filter>
    </ClInclude>
    <ClInclude Include="C:\Programowanie\react3d\reactphysics3d\testbed\nanogui\include\nanogui\messagedialog.h">
      <Filter>Header Files</Filter>
    </ClInclude>
    <ClInclude Include="C:\Programowanie\react3d\reactphysics3d\testbed\nanogui\include\nanogui\textbox.h">
      <Filter>Header Files</Filter>
    </ClInclude>
    <ClInclude Include="C:\Programowanie\react3d\reactphysics3d\testbed\nanogui\include\nanogui\imagepanel.h">
      <Filter>Header Files</Filter>
    </ClInclude>
    <ClInclude Include="C:\Programowanie\react3d\reactphysics3d\testbed\nanogui\include\nanogui\imageview.h">
      <Filter>Header Files</Filter>
    </ClInclude>
    <ClInclude Include="C:\Programowanie\react3d\reactphysics3d\testbed\nanogui\include\nanogui\vscrollpanel.h">
      <Filter>Header Files</Filter>
    </ClInclude>
    <ClInclude Include="C:\Programowanie\react3d\reactphysics3d\testbed\nanogui\include\nanogui\colorwheel.h">
      <Filter>Header Files</Filter>
    </ClInclude>
    <ClInclude Include="C:\Programowanie\react3d\reactphysics3d\testbed\nanogui\include\nanogui\colorpicker.h">
      <Filter>Header Files</Filter>
    </ClInclude>
    <ClInclude Include="C:\Programowanie\react3d\reactphysics3d\testbed\nanogui\include\nanogui\graph.h">
      <Filter>Header Files</Filter>
    </ClInclude>
    <ClInclude Include="C:\Programowanie\react3d\reactphysics3d\testbed\nanogui\include\nanogui\formhelper.h">
      <Filter>Header Files</Filter>
    </ClInclude>
    <ClInclude Include="C:\Programowanie\react3d\reactphysics3d\testbed\nanogui\include\nanogui\toolbutton.h">
      <Filter>Header Files</Filter>
    </ClInclude>
    <ClInclude Include="C:\Programowanie\react3d\reactphysics3d\testbed\nanogui\include\nanogui\opengl.h">
      <Filter>Header Files</Filter>
    </ClInclude>
    <ClInclude Include="C:\Programowanie\react3d\reactphysics3d\testbed\nanogui\include\nanogui\nanogui.h">
      <Filter>Header Files</Filter>
    </ClInclude>
    <ClInclude Include="C:\Programowanie\react3d\reactphysics3d\testbed\nanogui\include\nanogui\serializer\core.h">
      <Filter>Header Files</Filter>
    </ClInclude>
    <ClInclude Include="C:\Programowanie\react3d\reactphysics3d\testbed\nanogui\include\nanogui\serializer\opengl.h">
      <Filter>Header Files</Filter>
    </ClInclude>
    <ClInclude Include="C:\Programowanie\react3d\reactphysics3d\testbed\nanogui\include\nanogui\serializer\sparse.h">
      <Filter>Header Files</Filter>
    </ClInclude>
  </ItemGroup>
  <ItemGroup>
    <CustomBuild Include="C:\Programowanie\react3d\reactphysics3d\testbed\nanogui\CMakeLists.txt" />
    <CustomBuild Include="C:\Programowanie\biblioteki\react3d\CMakeFiles\624fc0c3045d727c4925568e79fbb791\nanogui_resources.cpp.rule">
      <Filter>CMake Rules</Filter>
    </CustomBuild>
  </ItemGroup>
  <ItemGroup>
    <Object Include="C:\Programowanie\biblioteki\react3d\testbed\nanogui\ext_build\glfw\src\glfw_objects.dir\$(Configuration)\context.obj">
      <Filter>Object Libraries</Filter>
    </Object>
    <Object Include="C:\Programowanie\biblioteki\react3d\testbed\nanogui\ext_build\glfw\src\glfw_objects.dir\$(Configuration)\init.obj">
      <Filter>Object Libraries</Filter>
    </Object>
    <Object Include="C:\Programowanie\biblioteki\react3d\testbed\nanogui\ext_build\glfw\src\glfw_objects.dir\$(Configuration)\input.obj">
      <Filter>Object Libraries</Filter>
    </Object>
    <Object Include="C:\Programowanie\biblioteki\react3d\testbed\nanogui\ext_build\glfw\src\glfw_objects.dir\$(Configuration)\monitor.obj">
      <Filter>Object Libraries</Filter>
    </Object>
    <Object Include="C:\Programowanie\biblioteki\react3d\testbed\nanogui\ext_build\glfw\src\glfw_objects.dir\$(Configuration)\window.obj">
      <Filter>Object Libraries</Filter>
    </Object>
    <Object Include="C:\Programowanie\biblioteki\react3d\testbed\nanogui\ext_build\glfw\src\glfw_objects.dir\$(Configuration)\win32_init.obj">
      <Filter>Object Libraries</Filter>
    </Object>
    <Object Include="C:\Programowanie\biblioteki\react3d\testbed\nanogui\ext_build\glfw\src\glfw_objects.dir\$(Configuration)\win32_monitor.obj">
      <Filter>Object Libraries</Filter>
    </Object>
    <Object Include="C:\Programowanie\biblioteki\react3d\testbed\nanogui\ext_build\glfw\src\glfw_objects.dir\$(Configuration)\win32_time.obj">
      <Filter>Object Libraries</Filter>
    </Object>
    <Object Include="C:\Programowanie\biblioteki\react3d\testbed\nanogui\ext_build\glfw\src\glfw_objects.dir\$(Configuration)\win32_tls.obj">
      <Filter>Object Libraries</Filter>
    </Object>
    <Object Include="C:\Programowanie\biblioteki\react3d\testbed\nanogui\ext_build\glfw\src\glfw_objects.dir\$(Configuration)\win32_window.obj">
      <Filter>Object Libraries</Filter>
    </Object>
    <Object Include="C:\Programowanie\biblioteki\react3d\testbed\nanogui\ext_build\glfw\src\glfw_objects.dir\$(Configuration)\winmm_joystick.obj">
      <Filter>Object Libraries</Filter>
    </Object>
    <Object Include="C:\Programowanie\biblioteki\react3d\testbed\nanogui\ext_build\glfw\src\glfw_objects.dir\$(Configuration)\wgl_context.obj">
      <Filter>Object Libraries</Filter>
    </Object>
  </ItemGroup>
  <ItemGroup>
    <Filter Include="Source Files">
      <UniqueIdentifier>{92A589FC-5171-3932-8F3C-E63C9A6FB50C}</UniqueIdentifier>
    </Filter>
    <Filter Include="Header Files">
      <UniqueIdentifier>{1F2DD1AE-EEAC-3742-B3AD-711F1F0A7636}</UniqueIdentifier>
    </Filter>
    <Filter Include="CMake Rules">
      <UniqueIdentifier>{0F23981F-37EC-31CC-A776-D452F92275D9}</UniqueIdentifier>
    </Filter>
    <Filter Include="Object Files">
      <UniqueIdentifier>{28CD0949-6E5D-3BCC-82EE-3CE8A24AB228}</UniqueIdentifier>
    </Filter>
    <Filter Include="Object Libraries">
      <UniqueIdentifier>{BFC82682-B217-3A4C-A2E5-3F8FC3A434A8}</UniqueIdentifier>
    </Filter>
  </ItemGroup>
</Project>
