<?xml version="1.0" encoding="UTF-8"?>
<Project ToolsVersion="14.0" xmlns="http://schemas.microsoft.com/developer/msbuild/2003">
  <ItemGroup>
    <CustomBuild Include="C:\Programowanie\biblioteki\react3d\CMakeFiles\11b7a20aa84db8cb6a3ca41dd42092f5\RUN_TESTS_force.rule">
      <Filter>CMake Rules</Filter>
    </CustomBuild>
  </ItemGroup>
  <ItemGroup>
    <Filter Include="CMake Rules">
      <UniqueIdentifier>{0F23981F-37EC-31CC-A776-D452F92275D9}</UniqueIdentifier>
    </Filter>
  </ItemGroup>
</Project>
